
Microsoft Visual Studio Solution File, Format Version 12.00
# Visual Studio Version 17
VisualStudioVersion = 17.6.33801.468
MinimumVisualStudioVersion = 10.0.40219.1
Project("{FAE04EC0-301F-11D3-BF4B-00C04F79EFBC}") = "DontSleep", "DontSleep\DontSleep.csproj", "{D04976C4-CB68-4558-B2B4-82F884C4CA81}"
EndProject
Global
	GlobalSection(SolutionConfigurationPlatforms) = preSolution
		Debug|Any CPU = Debug|Any CPU
		Release|Any CPU = Release|Any CPU
	EndGlobalSection
	GlobalSection(ProjectConfigurationPlatforms) = postSolution
		{D04976C4-CB68-4558-B2B4-82F884C4CA81}.Debug|Any CPU.ActiveCfg = Debug|Any CPU
		{D04976C4-CB68-4558-B2B4-82F884C4CA81}.Debug|Any CPU.Build.0 = Debug|Any CPU
		{D04976C4-CB68-4558-B2B4-82F884C4CA81}.Release|Any CPU.ActiveCfg = Release|Any CPU
		{D04976C4-CB68-4558-B2B4-82F884C4CA81}.Release|Any CPU.Build.0 = Release|Any CPU
	EndGlobalSection
	GlobalSection(SolutionProperties) = preSolution
		HideSolutionNode = FALSE
	EndGlobalSection
	GlobalSection(ExtensibilityGlobals) = postSolution
		SolutionGuid = {8708FA12-1EEB-4AB1-92D8-63CF213F0565}
	EndGlobalSection
EndGlobal
